<?xml version="1.0" encoding="utf-8"?>
<Project ToolsVersion="4.0" xmlns="http://schemas.microsoft.com/developer/msbuild/2003">
  <ItemGroup>
    <Filter Include="Source Files">
      <UniqueIdentifier>{4FC737F1-C7A5-4376-A066-2A32D752A2FF}</UniqueIdentifier>
      <Extensions>cpp;c;cc;cxx;c++;cppm;ixx;def;odl;idl;hpj;bat;asm;asmx</Extensions>
    </Filter>
    <Filter Include="Header Files">
      <UniqueIdentifier>{93995380-89BD-4b04-88EB-625FBE52EBFB}</UniqueIdentifier>
      <Extensions>h;hh;hpp;hxx;h++;hm;inl;inc;ipp;xsd</Extensions>
    </Filter>
    <Filter Include="Resource Files">
      <UniqueIdentifier>{67DA6AB6-F800-4c08-8B7A-83BB121AAD01}</UniqueIdentifier>
      <Extensions>rc;ico;cur;bmp;dlg;rc2;rct;bin;rgs;gif;jpg;jpeg;jpe;resx;tiff;tif;png;wav;mfcribbon-ms</Extensions>
    </Filter>
    <Filter Include="Source Files\3rdparty">
      <UniqueIdentifier>{f80265b4-e13a-4eba-a68f-57d41b73c517}</UniqueIdentifier>
    </Filter>
    <Filter Include="Source Files\src">
      <UniqueIdentifier>{5a107a14-6ae4-4e98-8657-b099146e0e0b}</UniqueIdentifier>
    </Filter>
  </ItemGroup>
  <ItemGroup>
    <ClCompile Include="..\..\..\..\3rdparty\glad\src\glad.c">
      <Filter>Source Files\3rdparty</Filter>
    </ClCompile>
    <ClCompile Include="..\..\..\..\3rdparty\imgui\imgui.cpp">
      <Filter>Source Files\3rdparty</Filter>
    </ClCompile>
    <ClCompile Include="..\..\..\..\3rdparty\imgui\imgui_demo.cpp">
      <Filter>Source Files\3rdparty</Filter>
    </ClCompile>
    <ClCompile Include="..\..\..\..\3rdparty\imgui\imgui_draw.cpp">
      <Filter>Source Files\3rdparty</Filter>
    </ClCompile>
    <ClCompile Include="..\..\..\..\3rdparty\imgui\imgui_impl_glfw.cpp">
      <Filter>Source Files\3rdparty</Filter>
    </ClCompile>
    <ClCompile Include="..\..\..\..\3rdparty\imgui\imgui_impl_opengl3.cpp">
      <Filter>Source Files\3rdparty</Filter>
    </ClCompile>
    <ClCompile Include="..\..\..\..\3rdparty\imgui\imgui_tables.cpp">
      <Filter>Source Files\3rdparty</Filter>
    </ClCompile>
    <ClCompile Include="..\..\..\..\3rdparty\imgui\imgui_widgets.cpp">
      <Filter>Source Files\3rdparty</Filter>
    </ClCompile>
    <ClCompile Include="..\..\Labs\Lab03Renderer\Main.cpp">
      <Filter>Source Files</Filter>
    </ClCompile>
    <ClCompile Include="..\..\Labs\Lab03Renderer\BaseObject.cpp">
      <Filter>Source Files\src</Filter>
    </ClCompile>
    <ClCompile Include="..\..\Labs\Lab03Renderer\GraphicsObject.cpp">
      <Filter>Source Files\src</Filter>
    </ClCompile>
    <ClCompile Include="..\..\Labs\Lab03Renderer\Renderer.cpp">
      <Filter>Source Files\src</Filter>
    </ClCompile>
    <ClCompile Include="..\..\Labs\Lab03Renderer\Scene.cpp">
      <Filter>Source Files\src</Filter>
    </ClCompile>
    <ClCompile Include="..\..\Labs\Lab03Renderer\Shader.cpp">
      <Filter>Source Files\src</Filter>
    </ClCompile>
    <ClCompile Include="..\..\Labs\Lab03Renderer\Texture.cpp">
      <Filter>Source Files\src</Filter>
    </ClCompile>
    <ClCompile Include="..\..\Labs\Lab03Renderer\TextFile.cpp">
      <Filter>Source Files\src</Filter>
    </ClCompile>
    <ClCompile Include="..\..\Labs\Lab03Renderer\VertexBuffer.cpp">
      <Filter>Source Files\src</Filter>
    </ClCompile>
  </ItemGroup>
  <ItemGroup>
    <ClInclude Include="..\..\Labs\Lab03Renderer\Scene.h">
      <Filter>Header Files</Filter>
    </ClInclude>
    <ClInclude Include="..\..\Labs\Lab03Renderer\Shader.h">
      <Filter>Header Files</Filter>
    </ClInclude>
    <ClInclude Include="..\..\Labs\Lab03Renderer\TextFile.h">
      <Filter>Header Files</Filter>
    </ClInclude>
    <ClInclude Include="..\..\Labs\Lab03Renderer\Texture.h">
      <Filter>Header Files</Filter>
    </ClInclude>
    <ClInclude Include="..\..\Labs\Lab03Renderer\VertexBuffer.h">
      <Filter>Header Files</Filter>
    </ClInclude>
    <ClInclude Include="..\..\Labs\Lab03Renderer\GraphicsObject.h">
      <Filter>Header Files</Filter>
    </ClInclude>
    <ClInclude Include="..\..\Labs\Lab03Renderer\Renderer.h">
      <Filter>Header Files</Filter>
    </ClInclude>
  </ItemGroup>
  <ItemGroup>
    <None Include="basic.vert.glsl" />
    <None Include="basic.frag.glsl" />
  </ItemGroup>
</Project>